<?xml version="1.0" encoding="utf-8"?>
<Project ToolsVersion="4.0" xmlns="http://schemas.microsoft.com/developer/msbuild/2003">
  <ItemGroup>
    <Filter Include="Source Files">
      <UniqueIdentifier>{4FC737F1-C7A5-4376-A066-2A32D752A2FF}</UniqueIdentifier>
      <Extensions>cpp;c;cc;cxx;c++;cppm;ixx;def;odl;idl;hpj;bat;asm;asmx</Extensions>
    </Filter>
    <Filter Include="Header Files">
      <UniqueIdentifier>{93995380-89BD-4b04-88EB-625FBE52EBFB}</UniqueIdentifier>
      <Extensions>h;hh;hpp;hxx;h++;hm;inl;inc;ipp;xsd</Extensions>
    </Filter>
    <Filter Include="Resource Files">
      <UniqueIdentifier>{67DA6AB6-F800-4c08-8B7A-83BB121AAD01}</UniqueIdentifier>
      <Extensions>rc;ico;cur;bmp;dlg;rc2;rct;bin;rgs;gif;jpg;jpeg;jpe;resx;tiff;tif;png;wav;mfcribbon-ms</Extensions>
    </Filter>
  </ItemGroup>
  <ItemGroup>
    <ClCompile Include="Main.cpp">
      <Filter>Source Files</Filter>
    </ClCompile>
    <ClCompile Include="glad.c">
      <Filter>Source Files</Filter>
    </ClCompile>
    <ClCompile Include="Camera.cpp">
      <Filter>Source Files</Filter>
    </ClCompile>
    <ClCompile Include="Light.cpp">
      <Filter>Source Files</Filter>
    </ClCompile>
    <ClCompile Include="Model.cpp">
      <Filter>Source Files</Filter>
    </ClCompile>
    <ClCompile Include="ObjectTextureManager.cpp">
      <Filter>Source Files</Filter>
    </ClCompile>
    <ClCompile Include="OrthographicCamera.cpp">
      <Filter>Source Files</Filter>
    </ClCompile>
    <ClCompile Include="PerspectiveCamera.cpp">
      <Filter>Source Files</Filter>
    </ClCompile>
    <ClCompile Include="Player.cpp">
      <Filter>Source Files</Filter>
    </ClCompile>
    <ClCompile Include="Shader.cpp">
      <Filter>Source Files</Filter>
    </ClCompile>
    <ClCompile Include="Skybox.cpp">
      <Filter>Source Files</Filter>
    </ClCompile>
    <ClCompile Include="Space.cpp">
      <Filter>Source Files</Filter>
    </ClCompile>
    <ClCompile Include="SwitchManager.cpp">
      <Filter>Source Files</Filter>
    </ClCompile>
    <ClCompile Include="GameObject\BallisticContainer.cpp">
      <Filter>Source Files</Filter>
    </ClCompile>
    <ClCompile Include="GameObject\BallisticObject.cpp">
      <Filter>Source Files</Filter>
    </ClCompile>
    <ClCompile Include="GameObject\FireworkObject.cpp">
      <Filter>Source Files</Filter>
    </ClCompile>
    <ClCompile Include="GameObject\ParticleObject.cpp">
      <Filter>Source Files</Filter>
    </ClCompile>
    <ClCompile Include="Physics\Ballistic.cpp">
      <Filter>Source Files</Filter>
    </ClCompile>
    <ClCompile Include="Physics\Firework.cpp">
      <Filter>Source Files</Filter>
    </ClCompile>
    <ClCompile Include="Physics\FireworksRules.cpp">
      <Filter>Source Files</Filter>
    </ClCompile>
    <ClCompile Include="Physics\Particle.cpp">
      <Filter>Source Files</Filter>
    </ClCompile>
    <ClCompile Include="ForceGenerators\ParticleSpring.cpp">
      <Filter>Source Files</Filter>
    </ClCompile>
    <ClCompile Include="ForceGenerators\ParticleAnchoredSpring.cpp">
      <Filter>Source Files</Filter>
    </ClCompile>
    <ClCompile Include="ForceGenerators\ParticleBungee.cpp">
      <Filter>Source Files</Filter>
    </ClCompile>
    <ClCompile Include="GameObject\AnchorSpringObject.cpp">
      <Filter>Source Files</Filter>
    </ClCompile>
    <ClCompile Include="ForceGenerators\ParticleForceGenerator.cpp">
      <Filter>Source Files</Filter>
    </ClCompile>
    <ClCompile Include="ForceGenerators\ParticleGravity.cpp">
      <Filter>Source Files</Filter>
    </ClCompile>
    <ClCompile Include="GameObject\BungeeObject.cpp">
      <Filter>Source Files</Filter>
    </ClCompile>
    <ClCompile Include="GameObject\SpringObject.cpp">
      <Filter>Source Files</Filter>
    </ClCompile>
    <ClCompile Include="ForceGenerators\ParticleForceRegistry.cpp">
      <Filter>Source Files</Filter>
    </ClCompile>
    <ClCompile Include="GameObject\SpringParticleContainer.cpp">
      <Filter>Source Files</Filter>
    </ClCompile>
    <ClCompile Include="GameObject\ObjectContainer.cpp">
      <Filter>Source Files</Filter>
    </ClCompile>
    <ClCompile Include="Physics\ParticleContact.cpp">
      <Filter>Source Files</Filter>
    </ClCompile>
  </ItemGroup>
  <ItemGroup>
    <ClInclude Include="stb_image.h">
      <Filter>Header Files</Filter>
    </ClInclude>
    <ClInclude Include="tiny_obj_loader.h">
      <Filter>Header Files</Filter>
    </ClInclude>
    <ClInclude Include="Camera.h">
      <Filter>Header Files</Filter>
    </ClInclude>
    <ClInclude Include="Light.h">
      <Filter>Header Files</Filter>
    </ClInclude>
    <ClInclude Include="Model.h">
      <Filter>Header Files</Filter>
    </ClInclude>
    <ClInclude Include="ObjectTextureManager.h">
      <Filter>Header Files</Filter>
    </ClInclude>
    <ClInclude Include="OrthographicCamera.h">
      <Filter>Header Files</Filter>
    </ClInclude>
    <ClInclude Include="PerspectiveCamera.h">
      <Filter>Header Files</Filter>
    </ClInclude>
    <ClInclude Include="Player.h">
      <Filter>Header Files</Filter>
    </ClInclude>
    <ClInclude Include="Shader.h">
      <Filter>Header Files</Filter>
    </ClInclude>
    <ClInclude Include="Skybox.h">
      <Filter>Header Files</Filter>
    </ClInclude>
    <ClInclude Include="Space.h">
      <Filter>Header Files</Filter>
    </ClInclude>
    <ClInclude Include="SwitchManager.h">
      <Filter>Header Files</Filter>
    </ClInclude>
    <ClInclude Include="GameObject\BallisticContainer.h">
      <Filter>Header Files</Filter>
    </ClInclude>
    <ClInclude Include="GameObject\BallisticObject.h">
      <Filter>Header Files</Filter>
    </ClInclude>
    <ClInclude Include="GameObject\FireworkObject.h">
      <Filter>Header Files</Filter>
    </ClInclude>
    <ClInclude Include="GameObject\ParticleObject.h">
      <Filter>Header Files</Filter>
    </ClInclude>
    <ClInclude Include="Physics\Ballistic.h">
      <Filter>Header Files</Filter>
    </ClInclude>
    <ClInclude Include="Physics\Firework.h">
      <Filter>Header Files</Filter>
    </ClInclude>
    <ClInclude Include="Physics\FireworksRules.h">
      <Filter>Header Files</Filter>
    </ClInclude>
    <ClInclude Include="Physics\Particle.h">
      <Filter>Header Files</Filter>
    </ClInclude>
    <ClInclude Include="ForceGenerators\ParticleSpring.h">
      <Filter>Header Files</Filter>
    </ClInclude>
    <ClInclude Include="ForceGenerators\ParticleAnchoredSpring.h">
      <Filter>Header Files</Filter>
    </ClInclude>
    <ClInclude Include="ForceGenerators\ParticleBungee.h">
      <Filter>Header Files</Filter>
    </ClInclude>
    <ClInclude Include="GameObject\AnchorSpringObject.h">
      <Filter>Header Files</Filter>
    </ClInclude>
    <ClInclude Include="ForceGenerators\ParticleForceGenerator.h">
      <Filter>Header Files</Filter>
    </ClInclude>
    <ClInclude Include="ForceGenerators\ParticleGravity.h">
      <Filter>Header Files</Filter>
    </ClInclude>
    <ClInclude Include="GameObject\BungeeObject.h">
      <Filter>Header Files</Filter>
    </ClInclude>
    <ClInclude Include="GameObject\SpringObject.h">
      <Filter>Header Files</Filter>
    </ClInclude>
    <ClInclude Include="ForceGenerators\ParticleForceRegistry.h">
      <Filter>Header Files</Filter>
    </ClInclude>
    <ClInclude Include="GameObject\SpringParticleContainer.h">
      <Filter>Header Files</Filter>
    </ClInclude>
    <ClInclude Include="GameObject\ObjectContainer.h">
      <Filter>Header Files</Filter>
    </ClInclude>
    <ClInclude Include="Physics\ParticleContact.h">
      <Filter>Header Files</Filter>
    </ClInclude>
  </ItemGroup>
  <ItemGroup>
    <CopyFileToFolders Include="Shaders\ball.frag" />
    <CopyFileToFolders Include="Shaders\ball.vert" />
    <CopyFileToFolders Include="Shaders\generator.frag" />
    <CopyFileToFolders Include="Shaders\generator.vert" />
    <CopyFileToFolders Include="Shaders\Planet.frag" />
    <CopyFileToFolders Include="Shaders\Planet.vert" />
    <CopyFileToFolders Include="Shaders\ship.frag" />
    <CopyFileToFolders Include="Shaders\ship.vert" />
    <CopyFileToFolders Include="Shaders\skybox.frag" />
    <CopyFileToFolders Include="Shaders\skybox.vert" />
    <CopyFileToFolders Include="Shaders\spaceRock.frag" />
    <CopyFileToFolders Include="Shaders\spaceRock.vert" />
    <CopyFileToFolders Include="Shaders\statue.frag" />
    <CopyFileToFolders Include="Shaders\statue.vert" />
    <CopyFileToFolders Include="Shaders\statue2.frag" />
    <CopyFileToFolders Include="Shaders\statue2.vert" />
    <CopyFileToFolders Include="Shaders\tower.frag" />
    <CopyFileToFolders Include="Shaders\tower.vert" />
  </ItemGroup>
</Project>